
Microsoft Visual Studio Solution File, Format Version 12.00
# Visual Studio 15
VisualStudioVersion = 15.0.26124.0
MinimumVisualStudioVersion = 15.0.26124.0
Project("{2150E333-8FDC-42A3-9474-1A3956D46DE8}") = "src", "src", "{26DBA3D9-E410-4B42-A668-3AD17C2A1483}"
EndProject
Project("{9A19103F-16F7-4668-BE54-9A1E7A4F7556}") = "OK.GramHook", "src\OK.GramHook\OK.GramHook.csproj", "{6CFFB6BF-E39A-4E52-B127-897AE01C3A60}"
EndProject
Project("{2150E333-8FDC-42A3-9474-1A3956D46DE8}") = "samples", "samples", "{86C579BE-D94E-480A-824E-C9E8F0A7905E}"
EndProject
Project("{9A19103F-16F7-4668-BE54-9A1E7A4F7556}") = "OK.GramHook.Samples.WebApp", "samples\OK.GramHook.Samples.WebApp\OK.GramHook.Samples.WebApp.csproj", "{6F7301A6-90F1-4A02-9AF3-6FE6AADBCC07}"
EndProject
Project("{2150E333-8FDC-42A3-9474-1A3956D46DE8}") = "Solution Items", "Solution Items", "{F91E2164-0221-4C56-92A6-F4879019AF5C}"
	ProjectSection(SolutionItems) = preProject
		README.md = README.md
	EndProjectSection
EndProject
Global
	GlobalSection(SolutionConfigurationPlatforms) = preSolution
		Debug|Any CPU = Debug|Any CPU
		Debug|x64 = Debug|x64
		Debug|x86 = Debug|x86
		Release|Any CPU = Release|Any CPU
		Release|x64 = Release|x64
		Release|x86 = Release|x86
	EndGlobalSection
	GlobalSection(ProjectConfigurationPlatforms) = postSolution
		{6CFFB6BF-E39A-4E52-B127-897AE01C3A60}.Debug|Any CPU.ActiveCfg = Debug|Any CPU
		{6CFFB6BF-E39A-4E52-B127-897AE01C3A60}.Debug|Any CPU.Build.0 = Debug|Any CPU
		{6CFFB6BF-E39A-4E52-B127-897AE01C3A60}.Debug|x64.ActiveCfg = Debug|Any CPU
		{6CFFB6BF-E39A-4E52-B127-897AE01C3A60}.Debug|x64.Build.0 = Debug|Any CPU
		{6CFFB6BF-E39A-4E52-B127-897AE01C3A60}.Debug|x86.ActiveCfg = Debug|Any CPU
		{6CFFB6BF-E39A-4E52-B127-897AE01C3A60}.Debug|x86.Build.0 = Debug|Any CPU
		{6CFFB6BF-E39A-4E52-B127-897AE01C3A60}.Release|Any CPU.ActiveCfg = Release|Any CPU
		{6CFFB6BF-E39A-4E52-B127-897AE01C3A60}.Release|Any CPU.Build.0 = Release|Any CPU
		{6CFFB6BF-E39A-4E52-B127-897AE01C3A60}.Release|x64.ActiveCfg = Release|Any CPU
		{6CFFB6BF-E39A-4E52-B127-897AE01C3A60}.Release|x64.Build.0 = Release|Any CPU
		{6CFFB6BF-E39A-4E52-B127-897AE01C3A60}.Release|x86.ActiveCfg = Release|Any CPU
		{6CFFB6BF-E39A-4E52-B127-897AE01C3A60}.Release|x86.Build.0 = Release|Any CPU
		{6F7301A6-90F1-4A02-9AF3-6FE6AADBCC07}.Debug|Any CPU.ActiveCfg = Debug|Any CPU
		{6F7301A6-90F1-4A02-9AF3-6FE6AADBCC07}.Debug|Any CPU.Build.0 = Debug|Any CPU
		{6F7301A6-90F1-4A02-9AF3-6FE6AADBCC07}.Debug|x64.ActiveCfg = Debug|Any CPU
		{6F7301A6-90F1-4A02-9AF3-6FE6AADBCC07}.Debug|x64.Build.0 = Debug|Any CPU
		{6F7301A6-90F1-4A02-9AF3-6FE6AADBCC07}.Debug|x86.ActiveCfg = Debug|Any CPU
		{6F7301A6-90F1-4A02-9AF3-6FE6AADBCC07}.Debug|x86.Build.0 = Debug|Any CPU
		{6F7301A6-90F1-4A02-9AF3-6FE6AADBCC07}.Release|Any CPU.ActiveCfg = Release|Any CPU
		{6F7301A6-90F1-4A02-9AF3-6FE6AADBCC07}.Release|Any CPU.Build.0 = Release|Any CPU
		{6F7301A6-90F1-4A02-9AF3-6FE6AADBCC07}.Release|x64.ActiveCfg = Release|Any CPU
		{6F7301A6-90F1-4A02-9AF3-6FE6AADBCC07}.Release|x64.Build.0 = Release|Any CPU
		{6F7301A6-90F1-4A02-9AF3-6FE6AADBCC07}.Release|x86.ActiveCfg = Release|Any CPU
		{6F7301A6-90F1-4A02-9AF3-6FE6AADBCC07}.Release|x86.Build.0 = Release|Any CPU
	EndGlobalSection
	GlobalSection(SolutionProperties) = preSolution
		HideSolutionNode = FALSE
	EndGlobalSection
	GlobalSection(NestedProjects) = preSolution
		{6CFFB6BF-E39A-4E52-B127-897AE01C3A60} = {26DBA3D9-E410-4B42-A668-3AD17C2A1483}
		{6F7301A6-90F1-4A02-9AF3-6FE6AADBCC07} = {86C579BE-D94E-480A-824E-C9E8F0A7905E}
	EndGlobalSection
	GlobalSection(ExtensibilityGlobals) = postSolution
		SolutionGuid = {04E9CD8E-86DE-4819-A957-37602B9AE192}
	EndGlobalSection
EndGlobal
